
Microsoft Visual Studio Solution File, Format Version 12.00
# Visual Studio Version 17
VisualStudioVersion = 17.1.32421.90
MinimumVisualStudioVersion = 10.0.40219.1
Project("{9A19103F-16F7-4668-BE54-9A1E7A4F7556}") = "JsonLibrary", "JsonLibrary\JsonLibrary.csproj", "{49E2B8C1-484C-4B83-A66C-88E914A39FF4}"
EndProject
Project("{FAE04EC0-301F-11D3-BF4B-00C04F79EFBC}") = "JsonSandbox", "JsonSandbox\JsonSandbox.csproj", "{BD7BC9B0-AADF-4C9E-9760-990FF5BEF112}"
EndProject
Global
	GlobalSection(SolutionConfigurationPlatforms) = preSolution
		Debug|Any CPU = Debug|Any CPU
		Release|Any CPU = Release|Any CPU
	EndGlobalSection
	GlobalSection(ProjectConfigurationPlatforms) = postSolution
		{49E2B8C1-484C-4B83-A66C-88E914A39FF4}.Debug|Any CPU.ActiveCfg = Debug|Any CPU
		{49E2B8C1-484C-4B83-A66C-88E914A39FF4}.Debug|Any CPU.Build.0 = Debug|Any CPU
		{49E2B8C1-484C-4B83-A66C-88E914A39FF4}.Release|Any CPU.ActiveCfg = Release|Any CPU
		{49E2B8C1-484C-4B83-A66C-88E914A39FF4}.Release|Any CPU.Build.0 = Release|Any CPU
		{BD7BC9B0-AADF-4C9E-9760-990FF5BEF112}.Debug|Any CPU.ActiveCfg = Debug|Any CPU
		{BD7BC9B0-AADF-4C9E-9760-990FF5BEF112}.Debug|Any CPU.Build.0 = Debug|Any CPU
		{BD7BC9B0-AADF-4C9E-9760-990FF5BEF112}.Release|Any CPU.ActiveCfg = Release|Any CPU
		{BD7BC9B0-AADF-4C9E-9760-990FF5BEF112}.Release|Any CPU.Build.0 = Release|Any CPU
	EndGlobalSection
	GlobalSection(SolutionProperties) = preSolution
		HideSolutionNode = FALSE
	EndGlobalSection
	GlobalSection(ExtensibilityGlobals) = postSolution
		SolutionGuid = {B4D1531A-EDDC-40B9-A18D-D1CEB286D983}
	EndGlobalSection
EndGlobal
